
Microsoft Visual Studio Solution File, Format Version 12.00
# Visual Studio Version 16
VisualStudioVersion = 16.0.31129.286
MinimumVisualStudioVersion = 10.0.40219.1
Project("{FAE04EC0-301F-11D3-BF4B-00C04F79EFBC}") = "Tarea-2-Paradigmas-2021", "Tarea-2-Paradigmas-2021\Tarea-2-Paradigmas-2021.csproj", "{091AA68B-0361-4E29-9F8C-73F7AA13476B}"
EndProject
Global
	GlobalSection(SolutionConfigurationPlatforms) = preSolution
		Debug|Any CPU = Debug|Any CPU
		Release|Any CPU = Release|Any CPU
	EndGlobalSection
	GlobalSection(ProjectConfigurationPlatforms) = postSolution
		{091AA68B-0361-4E29-9F8C-73F7AA13476B}.Debug|Any CPU.ActiveCfg = Debug|Any CPU
		{091AA68B-0361-4E29-9F8C-73F7AA13476B}.Debug|Any CPU.Build.0 = Debug|Any CPU
		{091AA68B-0361-4E29-9F8C-73F7AA13476B}.Release|Any CPU.ActiveCfg = Release|Any CPU
		{091AA68B-0361-4E29-9F8C-73F7AA13476B}.Release|Any CPU.Build.0 = Release|Any CPU
	EndGlobalSection
	GlobalSection(SolutionProperties) = preSolution
		HideSolutionNode = FALSE
	EndGlobalSection
	GlobalSection(ExtensibilityGlobals) = postSolution
		SolutionGuid = {51350952-8FBE-43F8-9EA0-609C95067A58}
	EndGlobalSection
EndGlobal
